
Microsoft Visual Studio Solution File, Format Version 12.00
# Visual Studio Version 17
VisualStudioVersion = 17.8.34408.163
MinimumVisualStudioVersion = 10.0.40219.1
Project("{FAE04EC0-301F-11D3-BF4B-00C04F79EFBC}") = "StudyDesignPattern.Src", "StudyDesignPattern.Src\StudyDesignPattern.Src.csproj", "{E6A89149-CEFD-4172-9188-4374831C0BCE}"
EndProject
Project("{9A19103F-16F7-4668-BE54-9A1E7A4F7556}") = "StudyDesignPattern.Test", "StudyDesignPattern.Test\StudyDesignPattern.Test.csproj", "{4ECE5902-31ED-4BB6-8DE5-185BC1C3D921}"
EndProject
Global
	GlobalSection(SolutionConfigurationPlatforms) = preSolution
		Debug|Any CPU = Debug|Any CPU
		Release|Any CPU = Release|Any CPU
	EndGlobalSection
	GlobalSection(ProjectConfigurationPlatforms) = postSolution
		{E6A89149-CEFD-4172-9188-4374831C0BCE}.Debug|Any CPU.ActiveCfg = Debug|Any CPU
		{E6A89149-CEFD-4172-9188-4374831C0BCE}.Debug|Any CPU.Build.0 = Debug|Any CPU
		{E6A89149-CEFD-4172-9188-4374831C0BCE}.Release|Any CPU.ActiveCfg = Release|Any CPU
		{E6A89149-CEFD-4172-9188-4374831C0BCE}.Release|Any CPU.Build.0 = Release|Any CPU
		{4ECE5902-31ED-4BB6-8DE5-185BC1C3D921}.Debug|Any CPU.ActiveCfg = Debug|Any CPU
		{4ECE5902-31ED-4BB6-8DE5-185BC1C3D921}.Debug|Any CPU.Build.0 = Debug|Any CPU
		{4ECE5902-31ED-4BB6-8DE5-185BC1C3D921}.Release|Any CPU.ActiveCfg = Release|Any CPU
		{4ECE5902-31ED-4BB6-8DE5-185BC1C3D921}.Release|Any CPU.Build.0 = Release|Any CPU
	EndGlobalSection
	GlobalSection(SolutionProperties) = preSolution
		HideSolutionNode = FALSE
	EndGlobalSection
	GlobalSection(ExtensibilityGlobals) = postSolution
		SolutionGuid = {D4FE3EC9-B2CA-4EC4-B9C3-6326F1FE263F}
	EndGlobalSection
EndGlobal
